// !$*UTF8*$!
{
	archiveVersion = 1;
	classes = {
	};
	objectVersion = 46;
	objects = {

/* Begin PBXBuildFile section */
		320D9C591B9FDC8C00B26BD9 /* AppDelegate.swift in Sources */ = {isa = PBXBuildFile; fileRef = 320D9C581B9FDC8C00B26BD9 /* AppDelegate.swift */; };
		320D9C5B1B9FDC8C00B26BD9 /* ViewController.swift in Sources */ = {isa = PBXBuildFile; fileRef = 320D9C5A1B9FDC8C00B26BD9 /* ViewController.swift */; };
		320D9C5E1B9FDC8C00B26BD9 /* Main.storyboard in Resources */ = {isa = PBXBuildFile; fileRef = 320D9C5C1B9FDC8C00B26BD9 /* Main.storyboard */; };
		320D9C601B9FDC8C00B26BD9 /* Images.xcassets in Resources */ = {isa = PBXBuildFile; fileRef = 320D9C5F1B9FDC8C00B26BD9 /* Images.xcassets */; };
		320D9C631B9FDC8C00B26BD9 /* LaunchScreen.xib in Resources */ = {isa = PBXBuildFile; fileRef = 320D9C611B9FDC8C00B26BD9 /* LaunchScreen.xib */; };
		320D9C6F1B9FDC8C00B26BD9 /* DynamicAnimatorUITests.swift in Sources */ = {isa = PBXBuildFile; fileRef = 320D9C6E1B9FDC8C00B26BD9 /* DynamicAnimatorUITests.swift */; };
/* End PBXBuildFile section */

/* Begin PBXContainerItemProxy section */
		320D9C691B9FDC8C00B26BD9 /* PBXContainerItemProxy */ = {
			isa = PBXContainerItemProxy;
			containerPortal = 320D9C4B1B9FDC8C00B26BD9 /* Project object */;
			proxyType = 1;
			remoteGlobalIDString = 320D9C521B9FDC8C00B26BD9;
			remoteInfo = DynamicAnimatorUI;
		};
/* End PBXContainerItemProxy section */

/* Begin PBXFileReference section */
		320D9C531B9FDC8C00B26BD9 /* DynamicAnimatorUI.app */ = {isa = PBXFileReference; explicitFileType = wrapper.application; includeInIndex = 0; path = DynamicAnimatorUI.app; sourceTree = BUILT_PRODUCTS_DIR; };
		320D9C571B9FDC8C00B26BD9 /* Info.plist */ = {isa = PBXFileReference; lastKnownFileType = text.plist.xml; path = Info.plist; sourceTree = "<group>"; };
		320D9C581B9FDC8C00B26BD9 /* AppDelegate.swift */ = {isa = PBXFileReference; lastKnownFileType = sourcecode.swift; path = AppDelegate.swift; sourceTree = "<group>"; };
		320D9C5A1B9FDC8C00B26BD9 /* ViewController.swift */ = {isa = PBXFileReference; lastKnownFileType = sourcecode.swift; path = ViewController.swift; sourceTree = "<group>"; };
		320D9C5D1B9FDC8C00B26BD9 /* Base */ = {isa = PBXFileReference; lastKnownFileType = file.storyboard; name = Base; path = Base.lproj/Main.storyboard; sourceTree = "<group>"; };
		320D9C5F1B9FDC8C00B26BD9 /* Images.xcassets */ = {isa = PBXFileReference; lastKnownFileType = folder.assetcatalog; path = Images.xcassets; sourceTree = "<group>"; };
		320D9C621B9FDC8C00B26BD9 /* Base */ = {isa = PBXFileReference; lastKnownFileType = file.xib; name = Base; path = Base.lproj/LaunchScreen.xib; sourceTree = "<group>"; };
		320D9C681B9FDC8C00B26BD9 /* DynamicAnimatorUITests.xctest */ = {isa = PBXFileReference; explicitFileType = wrapper.cfbundle; includeInIndex = 0; path = DynamicAnimatorUITests.xctest; sourceTree = BUILT_PRODUCTS_DIR; };
		320D9C6D1B9FDC8C00B26BD9 /* Info.plist */ = {isa = PBXFileReference; lastKnownFileType = text.plist.xml; path = Info.plist; sourceTree = "<group>"; };
		320D9C6E1B9FDC8C00B26BD9 /* DynamicAnimatorUITests.swift */ = {isa = PBXFileReference; lastKnownFileType = sourcecode.swift; path = DynamicAnimatorUITests.swift; sourceTree = "<group>"; };
/* End PBXFileReference section */

/* Begin PBXFrameworksBuildPhase section */
		320D9C501B9FDC8C00B26BD9 /* Frameworks */ = {
			isa = PBXFrameworksBuildPhase;
			buildActionMask = 2147483647;
			files = (
			);
			runOnlyForDeploymentPostprocessing = 0;
		};
		320D9C651B9FDC8C00B26BD9 /* Frameworks */ = {
			isa = PBXFrameworksBuildPhase;
			buildActionMask = 2147483647;
			files = (
			);
			runOnlyForDeploymentPostprocessing = 0;
		};
/* End PBXFrameworksBuildPhase section */

/* Begin PBXGroup section */
		320D9C4A1B9FDC8C00B26BD9 = {
			isa = PBXGroup;
			children = (
				320D9C551B9FDC8C00B26BD9 /* DynamicAnimatorUI */,
				320D9C6B1B9FDC8C00B26BD9 /* DynamicAnimatorUITests */,
				320D9C541B9FDC8C00B26BD9 /* Products */,
			);
			sourceTree = "<group>";
		};
		320D9C541B9FDC8C00B26BD9 /* Products */ = {
			isa = PBXGroup;
			children = (
				320D9C531B9FDC8C00B26BD9 /* DynamicAnimatorUI.app */,
				320D9C681B9FDC8C00B26BD9 /* DynamicAnimatorUITests.xctest */,
			);
			name = Products;
			sourceTree = "<group>";
		};
		320D9C551B9FDC8C00B26BD9 /* DynamicAnimatorUI */ = {
			isa = PBXGroup;
			children = (
				320D9C581B9FDC8C00B26BD9 /* AppDelegate.swift */,
				320D9C5A1B9FDC8C00B26BD9 /* ViewController.swift */,
				320D9C5C1B9FDC8C00B26BD9 /* Main.storyboard */,
				320D9C5F1B9FDC8C00B26BD9 /* Images.xcassets */,
				320D9C611B9FDC8C00B26BD9 /* LaunchScreen.xib */,
				320D9C561B9FDC8C00B26BD9 /* Supporting Files */,
			);
			path = DynamicAnimatorUI;
			sourceTree = "<group>";
		};
		320D9C561B9FDC8C00B26BD9 /* Supporting Files */ = {
			isa = PBXGroup;
			children = (
				320D9C571B9FDC8C00B26BD9 /* Info.plist */,
			);
			name = "Supporting Files";
			sourceTree = "<group>";
		};
		320D9C6B1B9FDC8C00B26BD9 /* DynamicAnimatorUITests */ = {
			isa = PBXGroup;
			children = (
				320D9C6E1B9FDC8C00B26BD9 /* DynamicAnimatorUITests.swift */,
				320D9C6C1B9FDC8C00B26BD9 /* Supporting Files */,
			);
			path = DynamicAnimatorUITests;
			sourceTree = "<group>";
		};
		320D9C6C1B9FDC8C00B26BD9 /* Supporting Files */ = {
			isa = PBXGroup;
			children = (
				320D9C6D1B9FDC8C00B26BD9 /* Info.plist */,
			);
			name = "Supporting Files";
			sourceTree = "<group>";
		};
/* End PBXGroup section */

/* Begin PBXNativeTarget section */
		320D9C521B9FDC8C00B26BD9 /* DynamicAnimatorUI */ = {
			isa = PBXNativeTarget;
			buildConfigurationList = 320D9C721B9FDC8C00B26BD9 /* Build configuration list for PBXNativeTarget "DynamicAnimatorUI" */;
			buildPhases = (
				320D9C4F1B9FDC8C00B26BD9 /* Sources */,
				320D9C501B9FDC8C00B26BD9 /* Frameworks */,
				320D9C511B9FDC8C00B26BD9 /* Resources */,
			);
			buildRules = (
			);
			dependencies = (
			);
			name = DynamicAnimatorUI;
			productName = DynamicAnimatorUI;
			productReference = 320D9C531B9FDC8C00B26BD9 /* DynamicAnimatorUI.app */;
			productType = "com.apple.product-type.application";
		};
		320D9C671B9FDC8C00B26BD9 /* DynamicAnimatorUITests */ = {
			isa = PBXNativeTarget;
			buildConfigurationList = 320D9C751B9FDC8C00B26BD9 /* Build configuration list for PBXNativeTarget "DynamicAnimatorUITests" */;
			buildPhases = (
				320D9C641B9FDC8C00B26BD9 /* Sources */,
				320D9C651B9FDC8C00B26BD9 /* Frameworks */,
				320D9C661B9FDC8C00B26BD9 /* Resources */,
			);
			buildRules = (
			);
			dependencies = (
				320D9C6A1B9FDC8C00B26BD9 /* PBXTargetDependency */,
			);
			name = DynamicAnimatorUITests;
			productName = DynamicAnimatorUITests;
			productReference = 320D9C681B9FDC8C00B26BD9 /* DynamicAnimatorUITests.xctest */;
			productType = "com.apple.product-type.bundle.unit-test";
		};
/* End PBXNativeTarget section */

/* Begin PBXProject section */
		320D9C4B1B9FDC8C00B26BD9 /* Project object */ = {
			isa = PBXProject;
			attributes = {
				LastUpgradeCheck = 0640;
				ORGANIZATIONNAME = SoKatagiri;
				TargetAttributes = {
					320D9C521B9FDC8C00B26BD9 = {
						CreatedOnToolsVersion = 6.4;
					};
					320D9C671B9FDC8C00B26BD9 = {
						CreatedOnToolsVersion = 6.4;
						TestTargetID = 320D9C521B9FDC8C00B26BD9;
					};
				};
			};
			buildConfigurationList = 320D9C4E1B9FDC8C00B26BD9 /* Build configuration list for PBXProject "DynamicAnimatorUI" */;
			compatibilityVersion = "Xcode 3.2";
			developmentRegion = English;
			hasScannedForEncodings = 0;
			knownRegions = (
				en,
				Base,
			);
			mainGroup = 320D9C4A1B9FDC8C00B26BD9;
			productRefGroup = 320D9C541B9FDC8C00B26BD9 /* Products */;
			projectDirPath = "";
			projectRoot = "";
			targets = (
				320D9C521B9FDC8C00B26BD9 /* DynamicAnimatorUI */,
				320D9C671B9FDC8C00B26BD9 /* DynamicAnimatorUITests */,
			);
		};
/* End PBXProject section */

/* Begin PBXResourcesBuildPhase section */
		320D9C511B9FDC8C00B26BD9 /* Resources */ = {
			isa = PBXResourcesBuildPhase;
			buildActionMask = 2147483647;
			files = (
				320D9C5E1B9FDC8C00B26BD9 /* Main.storyboard in Resources */,
				320D9C631B9FDC8C00B26BD9 /* LaunchScreen.xib in Resources */,
				320D9C601B9FDC8C00B26BD9 /* Images.xcassets in Resources */,
			);
			runOnlyForDeploymentPostprocessing = 0;
		};
		320D9C661B9FDC8C00B26BD9 /* Resources */ = {
			isa = PBXResourcesBuildPhase;
			buildActionMask = 2147483647;
			files = (
			);
			runOnlyForDeploymentPostprocessing = 0;
		};
/* End PBXResourcesBuildPhase section */

/* Begin PBXSourcesBuildPhase section */
		320D9C4F1B9FDC8C00B26BD9 /* Sources */ = {
			isa = PBXSourcesBuildPhase;
			buildActionMask = 2147483647;
			files = (
				320D9C5B1B9FDC8C00B26BD9 /* ViewController.swift in Sources */,
				320D9C591B9FDC8C00B26BD9 /* AppDelegate.swift in Sources */,
			);
			runOnlyForDeploymentPostprocessing = 0;
		};
		320D9C641B9FDC8C00B26BD9 /* Sources */ = {
			isa = PBXSourcesBuildPhase;
			buildActionMask = 2147483647;
			files = (
				320D9C6F1B9FDC8C00B26BD9 /* DynamicAnimatorUITests.swift in Sources */,
			);
			runOnlyForDeploymentPostprocessing = 0;
		};
/* End PBXSourcesBuildPhase section */

/* Begin PBXTargetDependency section */
		320D9C6A1B9FDC8C00B26BD9 /* PBXTargetDependency */ = {
			isa = PBXTargetDependency;
			target = 320D9C521B9FDC8C00B26BD9 /* DynamicAnimatorUI */;
			targetProxy = 320D9C691B9FDC8C00B26BD9 /* PBXContainerItemProxy */;
		};
/* End PBXTargetDependency section */

/* Begin PBXVariantGroup section */
		320D9C5C1B9FDC8C00B26BD9 /* Main.storyboard */ = {
			isa = PBXVariantGroup;
			children = (
				320D9C5D1B9FDC8C00B26BD9 /* Base */,
			);
			name = Main.storyboard;
			sourceTree = "<group>";
		};
		320D9C611B9FDC8C00B26BD9 /* LaunchScreen.xib */ = {
			isa = PBXVariantGroup;
			children = (
				320D9C621B9FDC8C00B26BD9 /* Base */,
			);
			name = LaunchScreen.xib;
			sourceTree = "<group>";
		};
/* End PBXVariantGroup section */

/* Begin XCBuildConfiguration section */
		320D9C701B9FDC8C00B26BD9 /* Debug */ = {
			isa = XCBuildConfiguration;
			buildSettings = {
				ALWAYS_SEARCH_USER_PATHS = NO;
				CLANG_CXX_LANGUAGE_STANDARD = "gnu++0x";
				CLANG_CXX_LIBRARY = "libc++";
				CLANG_ENABLE_MODULES = YES;
				CLANG_ENABLE_OBJC_ARC = YES;
				CLANG_WARN_BOOL_CONVERSION = YES;
				CLANG_WARN_CONSTANT_CONVERSION = YES;
				CLANG_WARN_DIRECT_OBJC_ISA_USAGE = YES_ERROR;
				CLANG_WARN_EMPTY_BODY = YES;
				CLANG_WARN_ENUM_CONVERSION = YES;
				CLANG_WARN_INT_CONVERSION = YES;
				CLANG_WARN_OBJC_ROOT_CLASS = YES_ERROR;
				CLANG_WARN_UNREACHABLE_CODE = YES;
				CLANG_WARN__DUPLICATE_METHOD_MATCH = YES;
				"CODE_SIGN_IDENTITY[sdk=iphoneos*]" = "iPhone Developer";
				COPY_PHASE_STRIP = NO;
				DEBUG_INFORMATION_FORMAT = "dwarf-with-dsym";
				ENABLE_STRICT_OBJC_MSGSEND = YES;
				GCC_C_LANGUAGE_STANDARD = gnu99;
				GCC_DYNAMIC_NO_PIC = NO;
				GCC_NO_COMMON_BLOCKS = YES;
				GCC_OPTIMIZATION_LEVEL = 0;
				GCC_PREPROCESSOR_DEFINITIONS = (
					"DEBUG=1",
					"$(inherited)",
				);
				GCC_SYMBOLS_PRIVATE_EXTERN = NO;
				GCC_WARN_64_TO_32_BIT_CONVERSION = YES;
				GCC_WARN_ABOUT_RETURN_TYPE = YES_ERROR;
				GCC_WARN_UNDECLARED_SELECTOR = YES;
				GCC_WARN_UNINITIALIZED_AUTOS = YES_AGGRESSIVE;
				GCC_WARN_UNUSED_FUNCTION = YES;
				GCC_WARN_UNUSED_VARIABLE = YES;
				IPHONEOS_DEPLOYMENT_TARGET = 8.4;
				MTL_ENABLE_DEBUG_INFO = YES;
				ONLY_ACTIVE_ARCH = YES;
				SDKROOT = iphoneos;
				SWIFT_OPTIMIZATION_LEVEL = "-Onone";
				TARGETED_DEVICE_FAMILY = "1,2";
			};
			name = Debug;
		};
		320D9C711B9FDC8C00B26BD9 /* Release */ = {
			isa = XCBuildConfiguration;
			buildSettings = {
				ALWAYS_SEARCH_USER_PATHS = NO;
				CLANG_CXX_LANGUAGE_STANDARD = "gnu++0x";
				CLANG_CXX_LIBRARY = "libc++";
				CLANG_ENABLE_MODULES = YES;
				CLANG_ENABLE_OBJC_ARC = YES;
				CLANG_WARN_BOOL_CONVERSION = YES;
				CLANG_WARN_CONSTANT_CONVERSION = YES;
				CLANG_WARN_DIRECT_OBJC_ISA_USAGE = YES_ERROR;
				CLANG_WARN_EMPTY_BODY = YES;
				CLANG_WARN_ENUM_CONVERSION = YES;
				CLANG_WARN_INT_CONVERSION = YES;
				CLANG_WARN_OBJC_ROOT_CLASS = YES_ERROR;
				CLANG_WARN_UNREACHABLE_CODE = YES;
				CLANG_WARN__DUPLICATE_METHOD_MATCH = YES;
				"CODE_SIGN_IDENTITY[sdk=iphoneos*]" = "iPhone Developer";
				COPY_PHASE_STRIP = NO;
				DEBUG_INFORMATION_FORMAT = "dwarf-with-dsym";
				ENABLE_NS_ASSERTIONS = NO;
				ENABLE_STRICT_OBJC_MSGSEND = YES;
				GCC_C_LANGUAGE_STANDARD = gnu99;
				GCC_NO_COMMON_BLOCKS = YES;
				GCC_WARN_64_TO_32_BIT_CONVERSION = YES;
				GCC_WARN_ABOUT_RETURN_TYPE = YES_ERROR;
				GCC_WARN_UNDECLARED_SELECTOR = YES;
				GCC_WARN_UNINITIALIZED_AUTOS = YES_AGGRESSIVE;
				GCC_WARN_UNUSED_FUNCTION = YES;
				GCC_WARN_UNUSED_VARIABLE = YES;
				IPHONEOS_DEPLOYMENT_TARGET = 8.4;
				MTL_ENABLE_DEBUG_INFO = NO;
				SDKROOT = iphoneos;
				TARGETED_DEVICE_FAMILY = "1,2";
				VALIDATE_PRODUCT = YES;
			};
			name = Release;
		};
		320D9C731B9FDC8C00B26BD9 /* Debug */ = {
			isa = XCBuildConfiguration;
			buildSettings = {
				ASSETCATALOG_COMPILER_APPICON_NAME = AppIcon;
				INFOPLIST_FILE = DynamicAnimatorUI/Info.plist;
				LD_RUNPATH_SEARCH_PATHS = "$(inherited) @executable_path/Frameworks";
				PRODUCT_NAME = "$(TARGET_NAME)";
			};
			name = Debug;
		};
		320D9C741B9FDC8C00B26BD9 /* Release */ = {
			isa = XCBuildConfiguration;
			buildSettings = {
				ASSETCATALOG_COMPILER_APPICON_NAME = AppIcon;
				INFOPLIST_FILE = DynamicAnimatorUI/Info.plist;
				LD_RUNPATH_SEARCH_PATHS = "$(inherited) @executable_path/Frameworks";
				PRODUCT_NAME = "$(TARGET_NAME)";
			};
			name = Release;
		};
		320D9C761B9FDC8C00B26BD9 /* Debug */ = {
			isa = XCBuildConfiguration;
			buildSettings = {
				BUNDLE_LOADER = "$(TEST_HOST)";
				FRAMEWORK_SEARCH_PATHS = (
					"$(SDKROOT)/Developer/Library/Frameworks",
					"$(inherited)",
				);
				GCC_PREPROCESSOR_DEFINITIONS = (
					"DEBUG=1",
					"$(inherited)",
				);
				INFOPLIST_FILE = DynamicAnimatorUITests/Info.plist;
				LD_RUNPATH_SEARCH_PATHS = "$(inherited) @executable_path/Frameworks @loader_path/Frameworks";
				PRODUCT_NAME = "$(TARGET_NAME)";
				TEST_HOST = "$(BUILT_PRODUCTS_DIR)/DynamicAnimatorUI.app/DynamicAnimatorUI";
			};
			name = Debug;
		};
		320D9C771B9FDC8C00B26BD9 /* Release */ = {
			isa = XCBuildConfiguration;
			buildSettings = {
				BUNDLE_LOADER = "$(TEST_HOST)";
				FRAMEWORK_SEARCH_PATHS = (
					"$(SDKROOT)/Developer/Library/Frameworks",
					"$(inherited)",
				);
				INFOPLIST_FILE = DynamicAnimatorUITests/Info.plist;
				LD_RUNPATH_SEARCH_PATHS = "$(inherited) @executable_path/Frameworks @loader_path/Frameworks";
				PRODUCT_NAME = "$(TARGET_NAME)";
				TEST_HOST = "$(BUILT_PRODUCTS_DIR)/DynamicAnimatorUI.app/DynamicAnimatorUI";
			};
			name = Release;
		};
/* End XCBuildConfiguration section */

/* Begin XCConfigurationList section */
		320D9C4E1B9FDC8C00B26BD9 /* Build configuration list for PBXProject "DynamicAnimatorUI" */ = {
			isa = XCConfigurationList;
			buildConfigurations = (
				320D9C701B9FDC8C00B26BD9 /* Debug */,
				320D9C711B9FDC8C00B26BD9 /* Release */,
			);
			defaultConfigurationIsVisible = 0;
			defaultConfigurationName = Release;
		};
		320D9C721B9FDC8C00B26BD9 /* Build configuration list for PBXNativeTarget "DynamicAnimatorUI" */ = {
			isa = XCConfigurationList;
			buildConfigurations = (
				320D9C731B9FDC8C00B26BD9 /* Debug */,
				320D9C741B9FDC8C00B26BD9 /* Release */,
			);
			defaultConfigurationIsVisible = 0;
		};
		320D9C751B9FDC8C00B26BD9 /* Build configuration list for PBXNativeTarget "DynamicAnimatorUITests" */ = {
			isa = XCConfigurationList;
			buildConfigurations = (
				320D9C761B9FDC8C00B26BD9 /* Debug */,
				320D9C771B9FDC8C00B26BD9 /* Release */,
			);
			defaultConfigurationIsVisible = 0;
		};
/* End XCConfigurationList section */
	};
	rootObject = 320D9C4B1B9FDC8C00B26BD9 /* Project object */;
}
